{
    "version": 3,
    "terraform_version": "0.11.3",
    "serial": 9,
    "lineage": "14266f78-de9e-4126-8665-32cf4925a0d7",
    "modules": [
        {
            "path": [
                "root"
            ],
            "outputs": {},
            "resources": {
                "aws_network_interface.docker-ubuntu": {
                    "type": "aws_network_interface",
                    "depends_on": [
                        "aws_security_group.vpc-e24cf099-standard-security",
                        "aws_subnet.production-network"
                    ],
                    "primary": {
                        "id": "eni-f4bbfe25",
                        "attributes": {
                            "attachment.#": "0",
                            "description": "",
                            "id": "eni-f4bbfe25",
                            "private_dns_name": "",
                            "private_ip": "10.0.1.25",
                            "private_ips.#": "1",
                            "private_ips.2113938231": "10.0.1.25",
                            "security_groups.#": "1",
                            "security_groups.3313479272": "sg-a7109bd1",
                            "source_dest_check": "true",
                            "subnet_id": "subnet-8a7856d7",
                            "tags.%": "0"
                        },
                        "meta": {},
                        "tainted": false
                    },
                    "deposed": [],
                    "provider": "provider.aws"
                },
                "aws_security_group.vpc-e24cf099-standard-security": {
                    "type": "aws_security_group",
                    "depends_on": [],
                    "primary": {
                        "id": "sg-a7109bd1",
                        "attributes": {
                            "description": "Allow standard inbout and all outbound",
                            "egress.#": "1",
                            "egress.482069346.cidr_blocks.#": "1",
                            "egress.482069346.cidr_blocks.0": "0.0.0.0/0",
                            "egress.482069346.description": "",
                            "egress.482069346.from_port": "0",
                            "egress.482069346.ipv6_cidr_blocks.#": "0",
                            "egress.482069346.prefix_list_ids.#": "0",
                            "egress.482069346.protocol": "-1",
                            "egress.482069346.security_groups.#": "0",
                            "egress.482069346.self": "false",
                            "egress.482069346.to_port": "0",
                            "id": "sg-a7109bd1",
                            "ingress.#": "3",
                            "ingress.1116238549.cidr_blocks.#": "1",
                            "ingress.1116238549.cidr_blocks.0": "0.0.0.0/0",
                            "ingress.1116238549.description": "SSH",
                            "ingress.1116238549.from_port": "22",
                            "ingress.1116238549.ipv6_cidr_blocks.#": "0",
                            "ingress.1116238549.protocol": "TCP",
                            "ingress.1116238549.security_groups.#": "0",
                            "ingress.1116238549.self": "false",
                            "ingress.1116238549.to_port": "22",
                            "ingress.2776738622.cidr_blocks.#": "1",
                            "ingress.2776738622.cidr_blocks.0": "0.0.0.0/0",
                            "ingress.2776738622.description": "HTTP",
                            "ingress.2776738622.from_port": "80",
                            "ingress.2776738622.ipv6_cidr_blocks.#": "0",
                            "ingress.2776738622.protocol": "TCP",
                            "ingress.2776738622.security_groups.#": "0",
                            "ingress.2776738622.self": "false",
                            "ingress.2776738622.to_port": "80",
                            "ingress.542093528.cidr_blocks.#": "1",
                            "ingress.542093528.cidr_blocks.0": "0.0.0.0/0",
                            "ingress.542093528.description": "HTTPS",
                            "ingress.542093528.from_port": "443",
                            "ingress.542093528.ipv6_cidr_blocks.#": "0",
                            "ingress.542093528.protocol": "TCP",
                            "ingress.542093528.security_groups.#": "0",
                            "ingress.542093528.self": "false",
                            "ingress.542093528.to_port": "443",
                            "name": "vpc-e24cf099-standard-security",
                            "owner_id": "015786920578",
                            "revoke_rules_on_delete": "false",
                            "tags.%": "1",
                            "tags.Name": "Standard Config",
                            "vpc_id": "vpc-e24cf099"
                        },
                        "meta": {
                            "e2bfb730-ecaa-11e6-8f88-34363bc7c4c0": {
                                "create": 600000000000,
                                "delete": 600000000000
                            },
                            "schema_version": "1"
                        },
                        "tainted": false
                    },
                    "deposed": [],
                    "provider": "provider.aws"
                },
                "aws_subnet.production-network": {
                    "type": "aws_subnet",
                    "depends_on": [],
                    "primary": {
                        "id": "subnet-8a7856d7",
                        "attributes": {
                            "assign_ipv6_address_on_creation": "false",
                            "availability_zone": "us-east-1a",
                            "cidr_block": "10.0.1.0/24",
                            "id": "subnet-8a7856d7",
                            "map_public_ip_on_launch": "false",
                            "tags.%": "0",
                            "vpc_id": "vpc-e24cf099"
                        },
                        "meta": {
                            "schema_version": "1"
                        },
                        "tainted": false
                    },
                    "deposed": [],
                    "provider": "provider.aws"
                }
            },
            "depends_on": []
        }
    ]
}
